
Microsoft Visual Studio Solution File, Format Version 12.00
Project("{FAE04EC0-301F-11D3-BF4B-00C04F79EFBC}") = "BookSnaps.Webapp", "BookSnaps.Webapp\BookSnaps.Webapp.csproj", "{491BC025-8895-408F-9F93-E1AD491CFD58}"
EndProject
Project("{FAE04EC0-301F-11D3-BF4B-00C04F79EFBC}") = "BookSnaps.Domain", "BookSnaps.Domain\BookSnaps.Domain.csproj", "{C970151F-19F1-4695-A402-5E91D130343E}"
EndProject
Project("{FAE04EC0-301F-11D3-BF4B-00C04F79EFBC}") = "BookSnaps.Infra", "BookSnaps.Infra\BookSnaps.Infra.csproj", "{B892E471-2DCA-4E1E-B20E-E4052D5EAAE2}"
EndProject
Project("{FAE04EC0-301F-11D3-BF4B-00C04F79EFBC}") = "BookSnaps.Application", "BookSnaps.Application\BookSnaps.Application.csproj", "{26489743-53A7-4350-9FF4-9483ED38FD76}"
EndProject
Global
	GlobalSection(SolutionConfigurationPlatforms) = preSolution
		Debug|Any CPU = Debug|Any CPU
		Release|Any CPU = Release|Any CPU
	EndGlobalSection
	GlobalSection(ProjectConfigurationPlatforms) = postSolution
		{491BC025-8895-408F-9F93-E1AD491CFD58}.Debug|Any CPU.ActiveCfg = Debug|Any CPU
		{491BC025-8895-408F-9F93-E1AD491CFD58}.Debug|Any CPU.Build.0 = Debug|Any CPU
		{491BC025-8895-408F-9F93-E1AD491CFD58}.Release|Any CPU.ActiveCfg = Release|Any CPU
		{491BC025-8895-408F-9F93-E1AD491CFD58}.Release|Any CPU.Build.0 = Release|Any CPU
		{C970151F-19F1-4695-A402-5E91D130343E}.Debug|Any CPU.ActiveCfg = Debug|Any CPU
		{C970151F-19F1-4695-A402-5E91D130343E}.Debug|Any CPU.Build.0 = Debug|Any CPU
		{C970151F-19F1-4695-A402-5E91D130343E}.Release|Any CPU.ActiveCfg = Release|Any CPU
		{C970151F-19F1-4695-A402-5E91D130343E}.Release|Any CPU.Build.0 = Release|Any CPU
		{B892E471-2DCA-4E1E-B20E-E4052D5EAAE2}.Debug|Any CPU.ActiveCfg = Debug|Any CPU
		{B892E471-2DCA-4E1E-B20E-E4052D5EAAE2}.Debug|Any CPU.Build.0 = Debug|Any CPU
		{B892E471-2DCA-4E1E-B20E-E4052D5EAAE2}.Release|Any CPU.ActiveCfg = Release|Any CPU
		{B892E471-2DCA-4E1E-B20E-E4052D5EAAE2}.Release|Any CPU.Build.0 = Release|Any CPU
		{26489743-53A7-4350-9FF4-9483ED38FD76}.Debug|Any CPU.ActiveCfg = Debug|Any CPU
		{26489743-53A7-4350-9FF4-9483ED38FD76}.Debug|Any CPU.Build.0 = Debug|Any CPU
		{26489743-53A7-4350-9FF4-9483ED38FD76}.Release|Any CPU.ActiveCfg = Release|Any CPU
		{26489743-53A7-4350-9FF4-9483ED38FD76}.Release|Any CPU.Build.0 = Release|Any CPU
	EndGlobalSection
EndGlobal
